
Microsoft Visual Studio Solution File, Format Version 12.00
# Visual Studio 15
VisualStudioVersion = 15.0.28307.572
MinimumVisualStudioVersion = 10.0.40219.1
Project("{FAE04EC0-301F-11D3-BF4B-00C04F79EFBC}") = "MongoDB_CodeExample", "MongoDB_CodeExample\MongoDB_CodeExample.csproj", "{E4C0550B-0A5F-43C2-87D1-8E176DE93501}"
EndProject
Global
	GlobalSection(SolutionConfigurationPlatforms) = preSolution
		Debug|Any CPU = Debug|Any CPU
		Release|Any CPU = Release|Any CPU
	EndGlobalSection
	GlobalSection(ProjectConfigurationPlatforms) = postSolution
		{E4C0550B-0A5F-43C2-87D1-8E176DE93501}.Debug|Any CPU.ActiveCfg = Debug|Any CPU
		{E4C0550B-0A5F-43C2-87D1-8E176DE93501}.Debug|Any CPU.Build.0 = Debug|Any CPU
		{E4C0550B-0A5F-43C2-87D1-8E176DE93501}.Release|Any CPU.ActiveCfg = Release|Any CPU
		{E4C0550B-0A5F-43C2-87D1-8E176DE93501}.Release|Any CPU.Build.0 = Release|Any CPU
	EndGlobalSection
	GlobalSection(SolutionProperties) = preSolution
		HideSolutionNode = FALSE
	EndGlobalSection
	GlobalSection(ExtensibilityGlobals) = postSolution
		SolutionGuid = {63AAE8BA-E9B2-4F9B-A2FE-7517F1E52967}
	EndGlobalSection
EndGlobal
