
Microsoft Visual Studio Solution File, Format Version 12.00
# Visual Studio 15
Project("{FAE04EC0-301F-11D3-BF4B-00C04F79EFBC}") = "Assembly-CSharp", "Assembly-CSharp.csproj", "{DE06C7D3-0868-EC70-F513-31D001330B40}"
EndProject
Project("{FAE04EC0-301F-11D3-BF4B-00C04F79EFBC}") = "Assembly-CSharp-Editor", "Assembly-CSharp-Editor.csproj", "{8C888F15-F303-70F2-151D-08604A18A3CD}"
EndProject
Project("{FAE04EC0-301F-11D3-BF4B-00C04F79EFBC}") = "Unity.AssetBundleBrowser.Editor", "Unity.AssetBundleBrowser.Editor.csproj", "{0ED7AB6A-3B9E-0078-6500-99E6D9242232}"
EndProject
Project("{FAE04EC0-301F-11D3-BF4B-00C04F79EFBC}") = "Unity.AssetBundleBrowser.Editor.Tests", "Unity.AssetBundleBrowser.Editor.Tests.csproj", "{F057614E-D35A-8773-EF85-79819B5061A6}"
EndProject
Project("{FAE04EC0-301F-11D3-BF4B-00C04F79EFBC}") = "Hotfix", "HotFix\Hotfix.csproj", "{FB644C19-CA0C-4EE6-886D-A79625413F2C}"
EndProject
Global
	GlobalSection(SolutionConfigurationPlatforms) = preSolution
		Debug|Any CPU = Debug|Any CPU
		Release|Any CPU = Release|Any CPU
	EndGlobalSection
	GlobalSection(ProjectConfigurationPlatforms) = postSolution
		{DE06C7D3-0868-EC70-F513-31D001330B40}.Debug|Any CPU.ActiveCfg = Debug|Any CPU
		{DE06C7D3-0868-EC70-F513-31D001330B40}.Debug|Any CPU.Build.0 = Debug|Any CPU
		{DE06C7D3-0868-EC70-F513-31D001330B40}.Release|Any CPU.ActiveCfg = Release|Any CPU
		{DE06C7D3-0868-EC70-F513-31D001330B40}.Release|Any CPU.Build.0 = Release|Any CPU
		{8C888F15-F303-70F2-151D-08604A18A3CD}.Debug|Any CPU.ActiveCfg = Debug|Any CPU
		{8C888F15-F303-70F2-151D-08604A18A3CD}.Debug|Any CPU.Build.0 = Debug|Any CPU
		{8C888F15-F303-70F2-151D-08604A18A3CD}.Release|Any CPU.ActiveCfg = Release|Any CPU
		{8C888F15-F303-70F2-151D-08604A18A3CD}.Release|Any CPU.Build.0 = Release|Any CPU
		{0ED7AB6A-3B9E-0078-6500-99E6D9242232}.Debug|Any CPU.ActiveCfg = Debug|Any CPU
		{0ED7AB6A-3B9E-0078-6500-99E6D9242232}.Debug|Any CPU.Build.0 = Debug|Any CPU
		{0ED7AB6A-3B9E-0078-6500-99E6D9242232}.Release|Any CPU.ActiveCfg = Release|Any CPU
		{0ED7AB6A-3B9E-0078-6500-99E6D9242232}.Release|Any CPU.Build.0 = Release|Any CPU
		{F057614E-D35A-8773-EF85-79819B5061A6}.Debug|Any CPU.ActiveCfg = Debug|Any CPU
		{F057614E-D35A-8773-EF85-79819B5061A6}.Debug|Any CPU.Build.0 = Debug|Any CPU
		{F057614E-D35A-8773-EF85-79819B5061A6}.Release|Any CPU.ActiveCfg = Release|Any CPU
		{F057614E-D35A-8773-EF85-79819B5061A6}.Release|Any CPU.Build.0 = Release|Any CPU
		{FB644C19-CA0C-4EE6-886D-A79625413F2C}.Debug|Any CPU.ActiveCfg = Debug|Any CPU
		{FB644C19-CA0C-4EE6-886D-A79625413F2C}.Debug|Any CPU.Build.0 = Debug|Any CPU
		{FB644C19-CA0C-4EE6-886D-A79625413F2C}.Release|Any CPU.ActiveCfg = Release|Any CPU
		{FB644C19-CA0C-4EE6-886D-A79625413F2C}.Release|Any CPU.Build.0 = Release|Any CPU
	EndGlobalSection
	GlobalSection(SolutionProperties) = preSolution
		HideSolutionNode = FALSE
	EndGlobalSection
EndGlobal
